
Microsoft Visual Studio Solution File, Format Version 12.00
# Visual Studio 15
VisualStudioVersion = 15.0.26730.8
MinimumVisualStudioVersion = 10.0.40219.1
Project("{8BC9CEB8-8B4A-11D0-8D11-00A0C91BC942}") = "ConsoleApplication3", "ConsoleApplication3\ConsoleApplication3.vcxproj", "{F8E94506-BE05-4068-AB1C-4C867B126F07}"
EndProject
Global
	GlobalSection(SolutionConfigurationPlatforms) = preSolution
		Debug|x64 = Debug|x64
		Debug|x86 = Debug|x86
		Release|x64 = Release|x64
		Release|x86 = Release|x86
	EndGlobalSection
	GlobalSection(ProjectConfigurationPlatforms) = postSolution
		{F8E94506-BE05-4068-AB1C-4C867B126F07}.Debug|x64.ActiveCfg = Debug|x64
		{F8E94506-BE05-4068-AB1C-4C867B126F07}.Debug|x64.Build.0 = Debug|x64
		{F8E94506-BE05-4068-AB1C-4C867B126F07}.Debug|x86.ActiveCfg = Debug|Win32
		{F8E94506-BE05-4068-AB1C-4C867B126F07}.Debug|x86.Build.0 = Debug|Win32
		{F8E94506-BE05-4068-AB1C-4C867B126F07}.Release|x64.ActiveCfg = Release|x64
		{F8E94506-BE05-4068-AB1C-4C867B126F07}.Release|x64.Build.0 = Release|x64
		{F8E94506-BE05-4068-AB1C-4C867B126F07}.Release|x86.ActiveCfg = Release|Win32
		{F8E94506-BE05-4068-AB1C-4C867B126F07}.Release|x86.Build.0 = Release|Win32
	EndGlobalSection
	GlobalSection(SolutionProperties) = preSolution
		HideSolutionNode = FALSE
	EndGlobalSection
	GlobalSection(ExtensibilityGlobals) = postSolution
		SolutionGuid = {520ED0F3-97EF-4CCF-84A3-8718EB203ACF}
	EndGlobalSection
EndGlobal
